
Microsoft Visual Studio Solution File, Format Version 11.00
# Visual Studio 2010
Project("{8BC9CEB8-8B4A-11D0-8D11-00A0C91BC942}") = "244101037_testing_module", "244101037_testing_module\244101037_testing_module.vcxproj", "{125203C1-97DA-41CE-969A-95642D4243F7}"
EndProject
Global
	GlobalSection(SolutionConfigurationPlatforms) = preSolution
		Debug|Win32 = Debug|Win32
		Release|Win32 = Release|Win32
	EndGlobalSection
	GlobalSection(ProjectConfigurationPlatforms) = postSolution
		{125203C1-97DA-41CE-969A-95642D4243F7}.Debug|Win32.ActiveCfg = Debug|Win32
		{125203C1-97DA-41CE-969A-95642D4243F7}.Debug|Win32.Build.0 = Debug|Win32
		{125203C1-97DA-41CE-969A-95642D4243F7}.Release|Win32.ActiveCfg = Release|Win32
		{125203C1-97DA-41CE-969A-95642D4243F7}.Release|Win32.Build.0 = Release|Win32
	EndGlobalSection
	GlobalSection(SolutionProperties) = preSolution
		HideSolutionNode = FALSE
	EndGlobalSection
EndGlobal
