
Microsoft Visual Studio Solution File, Format Version 11.00
# Visual Studio 2010
Project("{8BC9CEB8-8B4A-11D0-8D11-00A0C91BC942}") = "244101037_mouse_training_module", "244101037_mouse_training_module\244101037_mouse_training_module.vcxproj", "{7AB9383B-9215-4E31-9F03-494A73EFEEE2}"
EndProject
Global
	GlobalSection(SolutionConfigurationPlatforms) = preSolution
		Debug|Win32 = Debug|Win32
		Release|Win32 = Release|Win32
	EndGlobalSection
	GlobalSection(ProjectConfigurationPlatforms) = postSolution
		{7AB9383B-9215-4E31-9F03-494A73EFEEE2}.Debug|Win32.ActiveCfg = Debug|Win32
		{7AB9383B-9215-4E31-9F03-494A73EFEEE2}.Debug|Win32.Build.0 = Debug|Win32
		{7AB9383B-9215-4E31-9F03-494A73EFEEE2}.Release|Win32.ActiveCfg = Release|Win32
		{7AB9383B-9215-4E31-9F03-494A73EFEEE2}.Release|Win32.Build.0 = Release|Win32
	EndGlobalSection
	GlobalSection(SolutionProperties) = preSolution
		HideSolutionNode = FALSE
	EndGlobalSection
EndGlobal
